
Microsoft Visual Studio Solution File, Format Version 12.00
# Visual Studio Version 17
VisualStudioVersion = 17.8.34330.188
MinimumVisualStudioVersion = 10.0.40219.1
Project("{8BC9CEB8-8B4A-11D0-8D11-00A0C91BC942}") = "GL", "GL.vcxproj", "{328192C8-57D9-47E3-A07B-F25EB86DE9F8}"
EndProject
Global
	GlobalSection(SolutionConfigurationPlatforms) = preSolution
		Debug|x64 = Debug|x64
		Debug|x86 = Debug|x86
		Release|x64 = Release|x64
		Release|x86 = Release|x86
	EndGlobalSection
	GlobalSection(ProjectConfigurationPlatforms) = postSolution
		{328192C8-57D9-47E3-A07B-F25EB86DE9F8}.Debug|x64.ActiveCfg = Debug|x64
		{328192C8-57D9-47E3-A07B-F25EB86DE9F8}.Debug|x64.Build.0 = Debug|x64
		{328192C8-57D9-47E3-A07B-F25EB86DE9F8}.Debug|x86.ActiveCfg = Debug|Win32
		{328192C8-57D9-47E3-A07B-F25EB86DE9F8}.Debug|x86.Build.0 = Debug|Win32
		{328192C8-57D9-47E3-A07B-F25EB86DE9F8}.Release|x64.ActiveCfg = Release|x64
		{328192C8-57D9-47E3-A07B-F25EB86DE9F8}.Release|x64.Build.0 = Release|x64
		{328192C8-57D9-47E3-A07B-F25EB86DE9F8}.Release|x86.ActiveCfg = Release|Win32
		{328192C8-57D9-47E3-A07B-F25EB86DE9F8}.Release|x86.Build.0 = Release|Win32
	EndGlobalSection
	GlobalSection(SolutionProperties) = preSolution
		HideSolutionNode = FALSE
	EndGlobalSection
	GlobalSection(ExtensibilityGlobals) = postSolution
		SolutionGuid = {9D73EC16-6E97-4CC9-8B17-64A168F69ED3}
	EndGlobalSection
EndGlobal
